// !$*UTF8*$!
{
	archiveVersion = 1;
	classes = {
	};
	objectVersion = 56;
	objects = {

/* Begin PBXBuildFile section */
		DB680EEC295C2778009F2F8E /* StopWatch.swift in Sources */ = {isa = PBXBuildFile; fileRef = DB680EEB295C2778009F2F8E /* StopWatch.swift */; };
		DB71FE0E290686C00090BF54 /* TimeEntryView.swift in Sources */ = {isa = PBXBuildFile; fileRef = DB71FE0D290686C00090BF54 /* TimeEntryView.swift */; };
		DB728D0F2960C8E4001B9512 /* ButtonLabel.swift in Sources */ = {isa = PBXBuildFile; fileRef = DB728D0E2960C8E4001B9512 /* ButtonLabel.swift */; };
		DB76D0772906241E00D972F1 /* ChessSimpleClockApp.swift in Sources */ = {isa = PBXBuildFile; fileRef = DB76D0762906241E00D972F1 /* ChessSimpleClockApp.swift */; };
		DB76D0792906241E00D972F1 /* TimersView.swift in Sources */ = {isa = PBXBuildFile; fileRef = DB76D0782906241E00D972F1 /* TimersView.swift */; };
		DB76D07B2906241F00D972F1 /* Assets.xcassets in Resources */ = {isa = PBXBuildFile; fileRef = DB76D07A2906241F00D972F1 /* Assets.xcassets */; };
		DB76D07E2906241F00D972F1 /* Preview Assets.xcassets in Resources */ = {isa = PBXBuildFile; fileRef = DB76D07D2906241F00D972F1 /* Preview Assets.xcassets */; };
		DB76D0852906282300D972F1 /* TimersViewViewModel.swift in Sources */ = {isa = PBXBuildFile; fileRef = DB76D0842906282300D972F1 /* TimersViewViewModel.swift */; };
		DBA0FD98290B220C00086873 /* switch.mp3 in Resources */ = {isa = PBXBuildFile; fileRef = DBA0FD97290B220C00086873 /* switch.mp3 */; };
/* End PBXBuildFile section */

/* Begin PBXFileReference section */
		DB680EEB295C2778009F2F8E /* StopWatch.swift */ = {isa = PBXFileReference; lastKnownFileType = sourcecode.swift; path = StopWatch.swift; sourceTree = "<group>"; };
		DB680EED295C29ED009F2F8E /* Clock.playground */ = {isa = PBXFileReference; lastKnownFileType = file.playground; path = Clock.playground; sourceTree = "<group>"; xcLanguageSpecificationIdentifier = xcode.lang.swift; };
		DB71FE0D290686C00090BF54 /* TimeEntryView.swift */ = {isa = PBXFileReference; lastKnownFileType = sourcecode.swift; path = TimeEntryView.swift; sourceTree = "<group>"; };
		DB728D0E2960C8E4001B9512 /* ButtonLabel.swift */ = {isa = PBXFileReference; lastKnownFileType = sourcecode.swift; path = ButtonLabel.swift; sourceTree = "<group>"; };
		DB76D0732906241E00D972F1 /* ChessSimpleClock.app */ = {isa = PBXFileReference; explicitFileType = wrapper.application; includeInIndex = 0; path = ChessSimpleClock.app; sourceTree = BUILT_PRODUCTS_DIR; };
		DB76D0762906241E00D972F1 /* ChessSimpleClockApp.swift */ = {isa = PBXFileReference; lastKnownFileType = sourcecode.swift; path = ChessSimpleClockApp.swift; sourceTree = "<group>"; };
		DB76D0782906241E00D972F1 /* TimersView.swift */ = {isa = PBXFileReference; lastKnownFileType = sourcecode.swift; path = TimersView.swift; sourceTree = "<group>"; };
		DB76D07A2906241F00D972F1 /* Assets.xcassets */ = {isa = PBXFileReference; lastKnownFileType = folder.assetcatalog; path = Assets.xcassets; sourceTree = "<group>"; };
		DB76D07D2906241F00D972F1 /* Preview Assets.xcassets */ = {isa = PBXFileReference; lastKnownFileType = folder.assetcatalog; path = "Preview Assets.xcassets"; sourceTree = "<group>"; };
		DB76D0842906282300D972F1 /* TimersViewViewModel.swift */ = {isa = PBXFileReference; lastKnownFileType = sourcecode.swift; path = TimersViewViewModel.swift; sourceTree = "<group>"; };
		DBA0FD97290B220C00086873 /* switch.mp3 */ = {isa = PBXFileReference; lastKnownFileType = audio.mp3; path = switch.mp3; sourceTree = "<group>"; };
/* End PBXFileReference section */

/* Begin PBXFrameworksBuildPhase section */
		DB76D0702906241E00D972F1 /* Frameworks */ = {
			isa = PBXFrameworksBuildPhase;
			buildActionMask = 2147483647;
			files = (
			);
			runOnlyForDeploymentPostprocessing = 0;
		};
/* End PBXFrameworksBuildPhase section */

/* Begin PBXGroup section */
		DB680EEA295C1F56009F2F8E /* Models */ = {
			isa = PBXGroup;
			children = (
				DB680EEB295C2778009F2F8E /* StopWatch.swift */,
				DB680EED295C29ED009F2F8E /* Clock.playground */,
			);
			path = Models;
			sourceTree = "<group>";
		};
		DB71FE0F290699AD0090BF54 /* Views */ = {
			isa = PBXGroup;
			children = (
				DB71FE0D290686C00090BF54 /* TimeEntryView.swift */,
				DB76D0782906241E00D972F1 /* TimersView.swift */,
				DB728D0E2960C8E4001B9512 /* ButtonLabel.swift */,
			);
			path = Views;
			sourceTree = "<group>";
		};
		DB71FE10290699B70090BF54 /* ViewModels */ = {
			isa = PBXGroup;
			children = (
				DB76D0842906282300D972F1 /* TimersViewViewModel.swift */,
			);
			path = ViewModels;
			sourceTree = "<group>";
		};
		DB76D06A2906241E00D972F1 = {
			isa = PBXGroup;
			children = (
				DBA0FD96290B220000086873 /* Sounds */,
				DB76D0752906241E00D972F1 /* ChessSimpleClock */,
				DB76D0742906241E00D972F1 /* Products */,
			);
			sourceTree = "<group>";
		};
		DB76D0742906241E00D972F1 /* Products */ = {
			isa = PBXGroup;
			children = (
				DB76D0732906241E00D972F1 /* ChessSimpleClock.app */,
			);
			name = Products;
			sourceTree = "<group>";
		};
		DB76D0752906241E00D972F1 /* ChessSimpleClock */ = {
			isa = PBXGroup;
			children = (
				DB680EEA295C1F56009F2F8E /* Models */,
				DB71FE10290699B70090BF54 /* ViewModels */,
				DB71FE0F290699AD0090BF54 /* Views */,
				DB76D0762906241E00D972F1 /* ChessSimpleClockApp.swift */,
				DB76D07A2906241F00D972F1 /* Assets.xcassets */,
				DB76D07C2906241F00D972F1 /* Preview Content */,
			);
			path = ChessSimpleClock;
			sourceTree = "<group>";
		};
		DB76D07C2906241F00D972F1 /* Preview Content */ = {
			isa = PBXGroup;
			children = (
				DB76D07D2906241F00D972F1 /* Preview Assets.xcassets */,
			);
			path = "Preview Content";
			sourceTree = "<group>";
		};
		DBA0FD96290B220000086873 /* Sounds */ = {
			isa = PBXGroup;
			children = (
				DBA0FD97290B220C00086873 /* switch.mp3 */,
			);
			path = Sounds;
			sourceTree = "<group>";
		};
/* End PBXGroup section */

/* Begin PBXNativeTarget section */
		DB76D0722906241E00D972F1 /* ChessSimpleClock */ = {
			isa = PBXNativeTarget;
			buildConfigurationList = DB76D0812906241F00D972F1 /* Build configuration list for PBXNativeTarget "ChessSimpleClock" */;
			buildPhases = (
				DB76D06F2906241E00D972F1 /* Sources */,
				DB76D0702906241E00D972F1 /* Frameworks */,
				DB76D0712906241E00D972F1 /* Resources */,
			);
			buildRules = (
			);
			dependencies = (
			);
			name = ChessSimpleClock;
			productName = ChessSimpleClock;
			productReference = DB76D0732906241E00D972F1 /* ChessSimpleClock.app */;
			productType = "com.apple.product-type.application";
		};
/* End PBXNativeTarget section */

/* Begin PBXProject section */
		DB76D06B2906241E00D972F1 /* Project object */ = {
			isa = PBXProject;
			attributes = {
				BuildIndependentTargetsInParallel = 1;
				LastSwiftUpdateCheck = 1400;
				LastUpgradeCheck = 1400;
				TargetAttributes = {
					DB76D0722906241E00D972F1 = {
						CreatedOnToolsVersion = 14.0.1;
					};
				};
			};
			buildConfigurationList = DB76D06E2906241E00D972F1 /* Build configuration list for PBXProject "ChessSimpleClock" */;
			compatibilityVersion = "Xcode 14.0";
			developmentRegion = en;
			hasScannedForEncodings = 0;
			knownRegions = (
				en,
				Base,
			);
			mainGroup = DB76D06A2906241E00D972F1;
			productRefGroup = DB76D0742906241E00D972F1 /* Products */;
			projectDirPath = "";
			projectRoot = "";
			targets = (
				DB76D0722906241E00D972F1 /* ChessSimpleClock */,
			);
		};
/* End PBXProject section */

/* Begin PBXResourcesBuildPhase section */
		DB76D0712906241E00D972F1 /* Resources */ = {
			isa = PBXResourcesBuildPhase;
			buildActionMask = 2147483647;
			files = (
				DBA0FD98290B220C00086873 /* switch.mp3 in Resources */,
				DB76D07E2906241F00D972F1 /* Preview Assets.xcassets in Resources */,
				DB76D07B2906241F00D972F1 /* Assets.xcassets in Resources */,
			);
			runOnlyForDeploymentPostprocessing = 0;
		};
/* End PBXResourcesBuildPhase section */

/* Begin PBXSourcesBuildPhase section */
		DB76D06F2906241E00D972F1 /* Sources */ = {
			isa = PBXSourcesBuildPhase;
			buildActionMask = 2147483647;
			files = (
				DB728D0F2960C8E4001B9512 /* ButtonLabel.swift in Sources */,
				DB76D0792906241E00D972F1 /* TimersView.swift in Sources */,
				DB76D0852906282300D972F1 /* TimersViewViewModel.swift in Sources */,
				DB71FE0E290686C00090BF54 /* TimeEntryView.swift in Sources */,
				DB76D0772906241E00D972F1 /* ChessSimpleClockApp.swift in Sources */,
				DB680EEC295C2778009F2F8E /* StopWatch.swift in Sources */,
			);
			runOnlyForDeploymentPostprocessing = 0;
		};
/* End PBXSourcesBuildPhase section */

/* Begin XCBuildConfiguration section */
		DB76D07F2906241F00D972F1 /* Debug */ = {
			isa = XCBuildConfiguration;
			buildSettings = {
				ALWAYS_SEARCH_USER_PATHS = NO;
				CLANG_ANALYZER_NONNULL = YES;
				CLANG_ANALYZER_NUMBER_OBJECT_CONVERSION = YES_AGGRESSIVE;
				CLANG_CXX_LANGUAGE_STANDARD = "gnu++20";
				CLANG_ENABLE_MODULES = YES;
				CLANG_ENABLE_OBJC_ARC = YES;
				CLANG_ENABLE_OBJC_WEAK = YES;
				CLANG_WARN_BLOCK_CAPTURE_AUTORELEASING = YES;
				CLANG_WARN_BOOL_CONVERSION = YES;
				CLANG_WARN_COMMA = YES;
				CLANG_WARN_CONSTANT_CONVERSION = YES;
				CLANG_WARN_DEPRECATED_OBJC_IMPLEMENTATIONS = YES;
				CLANG_WARN_DIRECT_OBJC_ISA_USAGE = YES_ERROR;
				CLANG_WARN_DOCUMENTATION_COMMENTS = YES;
				CLANG_WARN_EMPTY_BODY = YES;
				CLANG_WARN_ENUM_CONVERSION = YES;
				CLANG_WARN_INFINITE_RECURSION = YES;
				CLANG_WARN_INT_CONVERSION = YES;
				CLANG_WARN_NON_LITERAL_NULL_CONVERSION = YES;
				CLANG_WARN_OBJC_IMPLICIT_RETAIN_SELF = YES;
				CLANG_WARN_OBJC_LITERAL_CONVERSION = YES;
				CLANG_WARN_OBJC_ROOT_CLASS = YES_ERROR;
				CLANG_WARN_QUOTED_INCLUDE_IN_FRAMEWORK_HEADER = YES;
				CLANG_WARN_RANGE_LOOP_ANALYSIS = YES;
				CLANG_WARN_STRICT_PROTOTYPES = YES;
				CLANG_WARN_SUSPICIOUS_MOVE = YES;
				CLANG_WARN_UNGUARDED_AVAILABILITY = YES_AGGRESSIVE;
				CLANG_WARN_UNREACHABLE_CODE = YES;
				CLANG_WARN__DUPLICATE_METHOD_MATCH = YES;
				COPY_PHASE_STRIP = NO;
				DEBUG_INFORMATION_FORMAT = dwarf;
				ENABLE_STRICT_OBJC_MSGSEND = YES;
				ENABLE_TESTABILITY = YES;
				GCC_C_LANGUAGE_STANDARD = gnu11;
				GCC_DYNAMIC_NO_PIC = NO;
				GCC_NO_COMMON_BLOCKS = YES;
				GCC_OPTIMIZATION_LEVEL = 0;
				GCC_PREPROCESSOR_DEFINITIONS = (
					"DEBUG=1",
					"$(inherited)",
				);
				GCC_WARN_64_TO_32_BIT_CONVERSION = YES;
				GCC_WARN_ABOUT_RETURN_TYPE = YES_ERROR;
				GCC_WARN_UNDECLARED_SELECTOR = YES;
				GCC_WARN_UNINITIALIZED_AUTOS = YES_AGGRESSIVE;
				GCC_WARN_UNUSED_FUNCTION = YES;
				GCC_WARN_UNUSED_VARIABLE = YES;
				IPHONEOS_DEPLOYMENT_TARGET = 16.0;
				MTL_ENABLE_DEBUG_INFO = INCLUDE_SOURCE;
				MTL_FAST_MATH = YES;
				ONLY_ACTIVE_ARCH = YES;
				SDKROOT = iphoneos;
				SWIFT_ACTIVE_COMPILATION_CONDITIONS = DEBUG;
				SWIFT_OPTIMIZATION_LEVEL = "-Onone";
			};
			name = Debug;
		};
		DB76D0802906241F00D972F1 /* Release */ = {
			isa = XCBuildConfiguration;
			buildSettings = {
				ALWAYS_SEARCH_USER_PATHS = NO;
				CLANG_ANALYZER_NONNULL = YES;
				CLANG_ANALYZER_NUMBER_OBJECT_CONVERSION = YES_AGGRESSIVE;
				CLANG_CXX_LANGUAGE_STANDARD = "gnu++20";
				CLANG_ENABLE_MODULES = YES;
				CLANG_ENABLE_OBJC_ARC = YES;
				CLANG_ENABLE_OBJC_WEAK = YES;
				CLANG_WARN_BLOCK_CAPTURE_AUTORELEASING = YES;
				CLANG_WARN_BOOL_CONVERSION = YES;
				CLANG_WARN_COMMA = YES;
				CLANG_WARN_CONSTANT_CONVERSION = YES;
				CLANG_WARN_DEPRECATED_OBJC_IMPLEMENTATIONS = YES;
				CLANG_WARN_DIRECT_OBJC_ISA_USAGE = YES_ERROR;
				CLANG_WARN_DOCUMENTATION_COMMENTS = YES;
				CLANG_WARN_EMPTY_BODY = YES;
				CLANG_WARN_ENUM_CONVERSION = YES;
				CLANG_WARN_INFINITE_RECURSION = YES;
				CLANG_WARN_INT_CONVERSION = YES;
				CLANG_WARN_NON_LITERAL_NULL_CONVERSION = YES;
				CLANG_WARN_OBJC_IMPLICIT_RETAIN_SELF = YES;
				CLANG_WARN_OBJC_LITERAL_CONVERSION = YES;
				CLANG_WARN_OBJC_ROOT_CLASS = YES_ERROR;
				CLANG_WARN_QUOTED_INCLUDE_IN_FRAMEWORK_HEADER = YES;
				CLANG_WARN_RANGE_LOOP_ANALYSIS = YES;
				CLANG_WARN_STRICT_PROTOTYPES = YES;
				CLANG_WARN_SUSPICIOUS_MOVE = YES;
				CLANG_WARN_UNGUARDED_AVAILABILITY = YES_AGGRESSIVE;
				CLANG_WARN_UNREACHABLE_CODE = YES;
				CLANG_WARN__DUPLICATE_METHOD_MATCH = YES;
				COPY_PHASE_STRIP = NO;
				DEBUG_INFORMATION_FORMAT = "dwarf-with-dsym";
				ENABLE_NS_ASSERTIONS = NO;
				ENABLE_STRICT_OBJC_MSGSEND = YES;
				GCC_C_LANGUAGE_STANDARD = gnu11;
				GCC_NO_COMMON_BLOCKS = YES;
				GCC_WARN_64_TO_32_BIT_CONVERSION = YES;
				GCC_WARN_ABOUT_RETURN_TYPE = YES_ERROR;
				GCC_WARN_UNDECLARED_SELECTOR = YES;
				GCC_WARN_UNINITIALIZED_AUTOS = YES_AGGRESSIVE;
				GCC_WARN_UNUSED_FUNCTION = YES;
				GCC_WARN_UNUSED_VARIABLE = YES;
				IPHONEOS_DEPLOYMENT_TARGET = 16.0;
				MTL_ENABLE_DEBUG_INFO = NO;
				MTL_FAST_MATH = YES;
				SDKROOT = iphoneos;
				SWIFT_COMPILATION_MODE = wholemodule;
				SWIFT_OPTIMIZATION_LEVEL = "-O";
				VALIDATE_PRODUCT = YES;
			};
			name = Release;
		};
		DB76D0822906241F00D972F1 /* Debug */ = {
			isa = XCBuildConfiguration;
			buildSettings = {
				ASSETCATALOG_COMPILER_APPICON_NAME = AppIcon;
				ASSETCATALOG_COMPILER_GLOBAL_ACCENT_COLOR_NAME = AccentColor;
				CODE_SIGN_STYLE = Automatic;
				CURRENT_PROJECT_VERSION = 1;
				DEVELOPMENT_ASSET_PATHS = "\"ChessSimpleClock/Preview Content\"";
				DEVELOPMENT_TEAM = TC68678DJ5;
				ENABLE_PREVIEWS = YES;
				GENERATE_INFOPLIST_FILE = YES;
				INFOPLIST_KEY_UIApplicationSceneManifest_Generation = YES;
				INFOPLIST_KEY_UIApplicationSupportsIndirectInputEvents = YES;
				INFOPLIST_KEY_UILaunchScreen_Generation = YES;
				INFOPLIST_KEY_UIRequiresFullScreen = YES;
				INFOPLIST_KEY_UISupportedInterfaceOrientations = "UIInterfaceOrientationLandscapeLeft UIInterfaceOrientationLandscapeRight";
				INFOPLIST_KEY_UISupportedInterfaceOrientations_iPad = "UIInterfaceOrientationLandscapeLeft UIInterfaceOrientationLandscapeRight UIInterfaceOrientationPortrait UIInterfaceOrientationPortraitUpsideDown";
				LD_RUNPATH_SEARCH_PATHS = (
					"$(inherited)",
					"@executable_path/Frameworks",
				);
				MARKETING_VERSION = 1.0;
				PRODUCT_BUNDLE_IDENTIFIER = com.danielBasaldua.ChessSimpleClock;
				PRODUCT_NAME = "$(TARGET_NAME)";
				SUPPORTED_PLATFORMS = "iphoneos iphonesimulator";
				SUPPORTS_MACCATALYST = NO;
				SUPPORTS_MAC_DESIGNED_FOR_IPHONE_IPAD = NO;
				SWIFT_EMIT_LOC_STRINGS = YES;
				SWIFT_VERSION = 5.0;
				TARGETED_DEVICE_FAMILY = "1,2";
			};
			name = Debug;
		};
		DB76D0832906241F00D972F1 /* Release */ = {
			isa = XCBuildConfiguration;
			buildSettings = {
				ASSETCATALOG_COMPILER_APPICON_NAME = AppIcon;
				ASSETCATALOG_COMPILER_GLOBAL_ACCENT_COLOR_NAME = AccentColor;
				CODE_SIGN_STYLE = Automatic;
				CURRENT_PROJECT_VERSION = 1;
				DEVELOPMENT_ASSET_PATHS = "\"ChessSimpleClock/Preview Content\"";
				DEVELOPMENT_TEAM = TC68678DJ5;
				ENABLE_PREVIEWS = YES;
				GENERATE_INFOPLIST_FILE = YES;
				INFOPLIST_KEY_UIApplicationSceneManifest_Generation = YES;
				INFOPLIST_KEY_UIApplicationSupportsIndirectInputEvents = YES;
				INFOPLIST_KEY_UILaunchScreen_Generation = YES;
				INFOPLIST_KEY_UIRequiresFullScreen = YES;
				INFOPLIST_KEY_UISupportedInterfaceOrientations = "UIInterfaceOrientationLandscapeLeft UIInterfaceOrientationLandscapeRight";
				INFOPLIST_KEY_UISupportedInterfaceOrientations_iPad = "UIInterfaceOrientationLandscapeLeft UIInterfaceOrientationLandscapeRight UIInterfaceOrientationPortrait UIInterfaceOrientationPortraitUpsideDown";
				LD_RUNPATH_SEARCH_PATHS = (
					"$(inherited)",
					"@executable_path/Frameworks",
				);
				MARKETING_VERSION = 1.0;
				PRODUCT_BUNDLE_IDENTIFIER = com.danielBasaldua.ChessSimpleClock;
				PRODUCT_NAME = "$(TARGET_NAME)";
				SUPPORTED_PLATFORMS = "iphoneos iphonesimulator";
				SUPPORTS_MACCATALYST = NO;
				SUPPORTS_MAC_DESIGNED_FOR_IPHONE_IPAD = NO;
				SWIFT_EMIT_LOC_STRINGS = YES;
				SWIFT_VERSION = 5.0;
				TARGETED_DEVICE_FAMILY = "1,2";
			};
			name = Release;
		};
/* End XCBuildConfiguration section */

/* Begin XCConfigurationList section */
		DB76D06E2906241E00D972F1 /* Build configuration list for PBXProject "ChessSimpleClock" */ = {
			isa = XCConfigurationList;
			buildConfigurations = (
				DB76D07F2906241F00D972F1 /* Debug */,
				DB76D0802906241F00D972F1 /* Release */,
			);
			defaultConfigurationIsVisible = 0;
			defaultConfigurationName = Release;
		};
		DB76D0812906241F00D972F1 /* Build configuration list for PBXNativeTarget "ChessSimpleClock" */ = {
			isa = XCConfigurationList;
			buildConfigurations = (
				DB76D0822906241F00D972F1 /* Debug */,
				DB76D0832906241F00D972F1 /* Release */,
			);
			defaultConfigurationIsVisible = 0;
			defaultConfigurationName = Release;
		};
/* End XCConfigurationList section */
	};
	rootObject = DB76D06B2906241E00D972F1 /* Project object */;
}
